lockfileVersion: '9.0'

settings:
  autoInstallPeers: true
  excludeLinksFromLockfile: false

importers:

  .:
    dependencies:
      '@katari-lang/port':
        specifier: 0.1.0-rc8
        version: 0.1.0-rc8
      '@slack/socket-mode':
        specifier: ^3.0.0
        version: 3.0.0(undici@7.28.0)
      '@slack/web-api':
        specifier: ^8.0.0
        version: 8.0.0
    devDependencies:
      '@types/node':
        specifier: ^26.0.0
        version: 26.1.1
      typescript:
        specifier: ^5.9.0
        version: 5.9.3

packages:

  '@katari-lang/port@0.1.0-rc8':
    resolution: {integrity: sha512-I4dSeTxYEGorzIps8yU6rzLgzcHY15hcgR2vgUo659gzGMBY37EiL2Hh6Sjoa3mil76StqzvTMqIPH0LV/zlvA==}

  '@katari-lang/types@0.1.0-rc8':
    resolution: {integrity: sha512-0z4T7qQl0AxBWVsq/cde52Zg8XCSOE9R1KLJrDn6WRf4q2vjsVUYF1MNr8Q9oQMe9HcLA3lyIrMSGFfpDcJ2HQ==}

  '@slack/logger@5.0.0':
    resolution: {integrity: sha512-VGXhmmgsAo9shdQYh4tFDndd+7nsgp0Y5h0UPDaUp8K359pBasI6YdkMqFW3mCOxLQkq09qj7o7cq6f3DuXcJQ==}
    engines: {node: '>= 20', npm: '>=9.6.4'}

  '@slack/socket-mode@3.0.0':
    resolution: {integrity: sha512-QShO60SB0E+HH+TbcKj3CBEQbodToRyiXnxuSB4t1kvUlqEmuGA1nOOjrRDkDJbOECAZ13PLe4ek9SrntpfoYg==}
    engines: {node: '>=20', npm: '>=9.6.4'}
    peerDependencies:
      undici: ^7.0.0

  '@slack/types@3.0.0':
    resolution: {integrity: sha512-KNOqpnNAlsFt5Jk9XBclslQ0lobRIg/0tnhpmvZJAglHJx9E8oceN8hC3gaBzkR6UzQ9Wzq4rLsJ98wUcxWPfw==}
    engines: {node: '>= 20', npm: '>=9.6.4'}

  '@slack/web-api@8.0.0':
    resolution: {integrity: sha512-ORx3XQryQPq2Jnxv5giSKXVoQRUeylrrymIR2S9fPzLjPcCts8RayMeBSZMcpfpAqp6fnBRuPW2UB6dUPUTEZA==}
    engines: {node: '>= 20', npm: '>=9.6.4'}

  '@types/node@26.1.1':
    resolution: {integrity: sha512-nxAkRSVkN1Y0JC1W8ky/fTfkGsMmcrRsbx+3XoZE+rMOX71kLYTV7fLXpqud1GpbpP5TuffXFqfX7fH2GgZREw==}

  '@types/retry@0.12.0':
    resolution: {integrity: sha512-wWKOClTTiizcZhXnPY4wikVAwmdYHp8q6DmC+EJUzAMsycb7HB32Kh9RN4+0gExjmPmZSAQjgURXIGATPegAvA==}

  eventemitter3@4.0.7:
    resolution: {integrity: sha512-8guHBZCwKnFhYdHr2ysuRWErTwhoN2X8XELRlrRwpmfeY2jjuUN4taQMsULKUVo1K4DvZl+0pgfyoysHxvmvEw==}

  eventemitter3@5.0.4:
    resolution: {integrity: sha512-mlsTRyGaPBjPedk6Bvw+aqbsXDtoAyAzm5MO7JgU+yVRyMQ5O8bD4Kcci7BS85f93veegeCPkL8R4GLClnjLFw==}

  p-finally@1.0.0:
    resolution: {integrity: sha512-LICb2p9CB7FS+0eR1oqWnHhp0FljGLZCWBE9aix0Uye9W8LTQPwMTYVGWQWIw9RdQiDg4+epXQODwIYJtSJaow==}
    engines: {node: '>=4'}

  p-queue@6.6.2:
    resolution: {integrity: sha512-RwFpb72c/BhQLEXIZ5K2e+AhgNVmIejGlTgiB9MzZ0e93GRvqZ7uSi0dvRF7/XIXDeNkra2fNHBxTyPDGySpjQ==}
    engines: {node: '>=8'}

  p-retry@4.6.2:
    resolution: {integrity: sha512-312Id396EbJdvRONlngUx0NydfrIQ5lsYu0znKVUzVvArzEIt08V1qhtyESbGVd1FGX7UKtiFp5uwKZdM8wIuQ==}
    engines: {node: '>=8'}

  p-timeout@3.2.0:
    resolution: {integrity: sha512-rhIwUycgwwKcP9yTOOFK/AKsAopjjCakVqLHePO3CC6Mir1Z99xT+R63jZxAT5lFZLa2inS5h+ZS2GvR99/FBg==}
    engines: {node: '>=8'}

  retry@0.13.1:
    resolution: {integrity: sha512-XQBQ3I8W1Cge0Seh+6gjj03LbmRFWuoszgK9ooCpwYIrhhoO80pfq4cUkU5DkknwfOfFteRwlZ56PYOGYyFWdg==}
    engines: {node: '>= 4'}

  typescript@5.9.3:
    resolution: {integrity: sha512-jl1vZzPDinLr9eUt3J/t7V6FgNEw9QjvBPdysz9KfQDD41fQrC2Y4vKQdiaUpFT4bXlb1RHhLpp8wtm6M5TgSw==}
    engines: {node: '>=14.17'}
    hasBin: true

  undici-types@8.3.0:
    resolution: {integrity: sha512-j375ScV60dom+YkPFIfTLcOiPxkN/buHz5GobjLhixFuANaNs3C9l4GmrWqejgXWJ7BbJcFYpTEUkS1Ge8bpZQ==}

  undici@7.28.0:
    resolution: {integrity: sha512-cRZYrTDwWznlnRiPjggAGxZXanty6M8RV1ff8Wm4LWXBp7/IG8v5DnOm74DtUBp9OONpK75YlPnIjQqX0dBDtA==}
    engines: {node: '>=20.18.1'}

snapshots:

  '@katari-lang/port@0.1.0-rc8':
    dependencies:
      '@katari-lang/types': 0.1.0-rc8

  '@katari-lang/types@0.1.0-rc8': {}

  '@slack/logger@5.0.0':
    dependencies:
      '@types/node': 26.1.1

  '@slack/socket-mode@3.0.0(undici@7.28.0)':
    dependencies:
      '@slack/logger': 5.0.0
      '@slack/web-api': 8.0.0
      '@types/node': 26.1.1
      eventemitter3: 5.0.4
      undici: 7.28.0

  '@slack/types@3.0.0': {}

  '@slack/web-api@8.0.0':
    dependencies:
      '@slack/logger': 5.0.0
      '@slack/types': 3.0.0
      '@types/node': 26.1.1
      '@types/retry': 0.12.0
      eventemitter3: 5.0.4
      p-queue: 6.6.2
      p-retry: 4.6.2
      retry: 0.13.1

  '@types/node@26.1.1':
    dependencies:
      undici-types: 8.3.0

  '@types/retry@0.12.0': {}

  eventemitter3@4.0.7: {}

  eventemitter3@5.0.4: {}

  p-finally@1.0.0: {}

  p-queue@6.6.2:
    dependencies:
      eventemitter3: 4.0.7
      p-timeout: 3.2.0

  p-retry@4.6.2:
    dependencies:
      '@types/retry': 0.12.0
      retry: 0.13.1

  p-timeout@3.2.0:
    dependencies:
      p-finally: 1.0.0

  retry@0.13.1: {}

  typescript@5.9.3: {}

  undici-types@8.3.0: {}

  undici@7.28.0: {}
